
Microsoft Visual Studio Solution File, Format Version 12.00
# Visual Studio 15
VisualStudioVersion = 15.0.26430.6
MinimumVisualStudioVersion = 10.0.40219.1
Project("{FAE04EC0-301F-11D3-BF4B-00C04F79EFBC}") = "WebApp", "WebApp\WebApp.csproj", "{489BED2C-4588-431E-AFF1-B5FB148E7432}"
EndProject
Project("{FAE04EC0-301F-11D3-BF4B-00C04F79EFBC}") = "WebApp.Tests", "WebApp.Tests\WebApp.Tests.csproj", "{ABCD42F9-1974-44C0-85AC-FC6838D81718}"
EndProject
Project("{FAE04EC0-301F-11D3-BF4B-00C04F79EFBC}") = "WebApp.Services", "WebApp.Services\WebApp.Services.csproj", "{79E695A4-D876-46BB-BAE5-6EB14160F892}"
EndProject
Global
	GlobalSection(SolutionConfigurationPlatforms) = preSolution
		Debug|Any CPU = Debug|Any CPU
		Release|Any CPU = Release|Any CPU
	EndGlobalSection
	GlobalSection(ProjectConfigurationPlatforms) = postSolution
		{489BED2C-4588-431E-AFF1-B5FB148E7432}.Debug|Any CPU.ActiveCfg = Debug|Any CPU
		{489BED2C-4588-431E-AFF1-B5FB148E7432}.Debug|Any CPU.Build.0 = Debug|Any CPU
		{489BED2C-4588-431E-AFF1-B5FB148E7432}.Release|Any CPU.ActiveCfg = Release|Any CPU
		{489BED2C-4588-431E-AFF1-B5FB148E7432}.Release|Any CPU.Build.0 = Release|Any CPU
		{ABCD42F9-1974-44C0-85AC-FC6838D81718}.Debug|Any CPU.ActiveCfg = Debug|Any CPU
		{ABCD42F9-1974-44C0-85AC-FC6838D81718}.Debug|Any CPU.Build.0 = Debug|Any CPU
		{ABCD42F9-1974-44C0-85AC-FC6838D81718}.Release|Any CPU.ActiveCfg = Release|Any CPU
		{ABCD42F9-1974-44C0-85AC-FC6838D81718}.Release|Any CPU.Build.0 = Release|Any CPU
		{79E695A4-D876-46BB-BAE5-6EB14160F892}.Debug|Any CPU.ActiveCfg = Debug|Any CPU
		{79E695A4-D876-46BB-BAE5-6EB14160F892}.Debug|Any CPU.Build.0 = Debug|Any CPU
		{79E695A4-D876-46BB-BAE5-6EB14160F892}.Release|Any CPU.ActiveCfg = Release|Any CPU
		{79E695A4-D876-46BB-BAE5-6EB14160F892}.Release|Any CPU.Build.0 = Release|Any CPU
	EndGlobalSection
	GlobalSection(SolutionProperties) = preSolution
		HideSolutionNode = FALSE
	EndGlobalSection
EndGlobal
